{
  "nodes": {
    "nixpkgs": {
      "locked": {
        "lastModified": 1712449641,
        "narHash": "sha256-U9DDWMexN6o5Td2DznEgguh8TRIUnIl9levmit43GcI=",
        "owner": "NixOS",
        "repo": "nixpkgs",
        "rev": "600b15aea1b36eeb43833a50b0e96579147099ff",
        "type": "github"
      },
      "original": {
        "owner": "NixOS",
        "ref": "nixpkgs-unstable",
        "repo": "nixpkgs",
        "type": "github"
      }
    },
    "nixpkgs-unfree": {
      "inputs": {
        "nixpkgs": [
          "nixpkgs"
        ]
      },
      "locked": {
        "lastModified": 1709054971,
        "narHash": "sha256-3IwfLOCKF/aGzjG79GCsj/ZxZF0hQYbitFyzekSYDwk=",
        "owner": "numtide",
        "repo": "nixpkgs-unfree",
        "rev": "1cfef288e8ddfb79fba9e11cc869ccf1bcfc01e6",
        "type": "github"
      },
      "original": {
        "owner": "numtide",
        "repo": "nixpkgs-unfree",
        "type": "github"
      }
    },
    "root": {
      "inputs": {
        "nixpkgs": "nixpkgs",
        "nixpkgs-unfree": "nixpkgs-unfree"
      }
    }
  },
  "root": "root",
  "version": 7
}
